{
  "name": "phase-4-deploying-app-demo",
  "lockfileVersion": 2,
  "requires": true,
  "packages": {
    "": {
      "name": "phase-4-deploying-app-demo",
      "devDependencies": {
        "@types/actioncable": "^5.2.7"
      },
      "engines": {
        "node": "16.x"
      }
    },
    "node_modules/@types/actioncable": {
      "version": "5.2.7",
      "resolved": "https://registry.npmjs.org/@types/actioncable/-/actioncable-5.2.7.tgz",
      "integrity": "sha512-HVpCvvE4Att0vSfCVNHf3gmCoqQPlySWIhH4THkG4r0hc0IcvRa0gIVyd9ekswMf3WiBsDc52OKnduIZQ7qcRw==",
      "dev": true
    }
  },
  "dependencies": {
    "@types/actioncable": {
      "version": "5.2.7",
      "resolved": "https://registry.npmjs.org/@types/actioncable/-/actioncable-5.2.7.tgz",
      "integrity": "sha512-HVpCvvE4Att0vSfCVNHf3gmCoqQPlySWIhH4THkG4r0hc0IcvRa0gIVyd9ekswMf3WiBsDc52OKnduIZQ7qcRw==",
      "dev": true
    }
  }
}
